
Microsoft Visual Studio Solution File, Format Version 12.00
# Visual Studio Version 16
VisualStudioVersion = 16.0.30204.135
MinimumVisualStudioVersion = 10.0.40219.1
Project("{9A19103F-16F7-4668-BE54-9A1E7A4F7556}") = "DentiSmart.API", "DentiSmart.API\DentiSmart.API.csproj", "{049BF047-23B1-44AA-AE41-16EDA62D9D1C}"
EndProject
Project("{9A19103F-16F7-4668-BE54-9A1E7A4F7556}") = "DentiSmart.Domain", "DentiSmart.Domain\DentiSmart.Domain.csproj", "{25B3A69B-16EE-4404-AFB4-0FE9464B1B1A}"
EndProject
Project("{9A19103F-16F7-4668-BE54-9A1E7A4F7556}") = "DentiSmart.Infrastructure", "DentiSmart.Infrastructure\DentiSmart.Infrastructure.csproj", "{4B730872-A183-4B76-8763-3525AF0C3644}"
EndProject
Global
	GlobalSection(SolutionConfigurationPlatforms) = preSolution
		Debug|Any CPU = Debug|Any CPU
		Release|Any CPU = Release|Any CPU
	EndGlobalSection
	GlobalSection(ProjectConfigurationPlatforms) = postSolution
		{049BF047-23B1-44AA-AE41-16EDA62D9D1C}.Debug|Any CPU.ActiveCfg = Debug|Any CPU
		{049BF047-23B1-44AA-AE41-16EDA62D9D1C}.Debug|Any CPU.Build.0 = Debug|Any CPU
		{049BF047-23B1-44AA-AE41-16EDA62D9D1C}.Release|Any CPU.ActiveCfg = Release|Any CPU
		{049BF047-23B1-44AA-AE41-16EDA62D9D1C}.Release|Any CPU.Build.0 = Release|Any CPU
		{25B3A69B-16EE-4404-AFB4-0FE9464B1B1A}.Debug|Any CPU.ActiveCfg = Debug|Any CPU
		{25B3A69B-16EE-4404-AFB4-0FE9464B1B1A}.Debug|Any CPU.Build.0 = Debug|Any CPU
		{25B3A69B-16EE-4404-AFB4-0FE9464B1B1A}.Release|Any CPU.ActiveCfg = Release|Any CPU
		{25B3A69B-16EE-4404-AFB4-0FE9464B1B1A}.Release|Any CPU.Build.0 = Release|Any CPU
		{4B730872-A183-4B76-8763-3525AF0C3644}.Debug|Any CPU.ActiveCfg = Debug|Any CPU
		{4B730872-A183-4B76-8763-3525AF0C3644}.Debug|Any CPU.Build.0 = Debug|Any CPU
		{4B730872-A183-4B76-8763-3525AF0C3644}.Release|Any CPU.ActiveCfg = Release|Any CPU
		{4B730872-A183-4B76-8763-3525AF0C3644}.Release|Any CPU.Build.0 = Release|Any CPU
	EndGlobalSection
	GlobalSection(SolutionProperties) = preSolution
		HideSolutionNode = FALSE
	EndGlobalSection
	GlobalSection(ExtensibilityGlobals) = postSolution
		SolutionGuid = {0AA8F0B2-0BBA-406E-96BC-C17035DDD524}
	EndGlobalSection
EndGlobal
