
Microsoft Visual Studio Solution File, Format Version 12.00
# Visual Studio Version 16
VisualStudioVersion = 16.0.30204.135
MinimumVisualStudioVersion = 10.0.40219.1
Project("{FAE04EC0-301F-11D3-BF4B-00C04F79EFBC}") = "DentiSmart.API", "DentiSmart.API.csproj", "{049BF047-23B1-44AA-AE41-16EDA62D9D1C}"
EndProject
Project("{FAE04EC0-301F-11D3-BF4B-00C04F79EFBC}") = "Models", "..\Models\Models.csproj", "{30FF184B-90BD-42AF-B590-CA022C0E15D1}"
EndProject
Project("{FAE04EC0-301F-11D3-BF4B-00C04F79EFBC}") = "Repository", "..\Repository\Repository.csproj", "{872F62DA-3707-4FD0-95EF-9D3517A97572}"
EndProject
Global
	GlobalSection(SolutionConfigurationPlatforms) = preSolution
		Debug|Any CPU = Debug|Any CPU
		Release|Any CPU = Release|Any CPU
	EndGlobalSection
	GlobalSection(ProjectConfigurationPlatforms) = postSolution
		{049BF047-23B1-44AA-AE41-16EDA62D9D1C}.Debug|Any CPU.ActiveCfg = Debug|Any CPU
		{049BF047-23B1-44AA-AE41-16EDA62D9D1C}.Debug|Any CPU.Build.0 = Debug|Any CPU
		{049BF047-23B1-44AA-AE41-16EDA62D9D1C}.Release|Any CPU.ActiveCfg = Release|Any CPU
		{049BF047-23B1-44AA-AE41-16EDA62D9D1C}.Release|Any CPU.Build.0 = Release|Any CPU
		{30FF184B-90BD-42AF-B590-CA022C0E15D1}.Debug|Any CPU.ActiveCfg = Debug|Any CPU
		{30FF184B-90BD-42AF-B590-CA022C0E15D1}.Debug|Any CPU.Build.0 = Debug|Any CPU
		{30FF184B-90BD-42AF-B590-CA022C0E15D1}.Release|Any CPU.ActiveCfg = Release|Any CPU
		{30FF184B-90BD-42AF-B590-CA022C0E15D1}.Release|Any CPU.Build.0 = Release|Any CPU
		{872F62DA-3707-4FD0-95EF-9D3517A97572}.Debug|Any CPU.ActiveCfg = Debug|Any CPU
		{872F62DA-3707-4FD0-95EF-9D3517A97572}.Debug|Any CPU.Build.0 = Debug|Any CPU
		{872F62DA-3707-4FD0-95EF-9D3517A97572}.Release|Any CPU.ActiveCfg = Release|Any CPU
		{872F62DA-3707-4FD0-95EF-9D3517A97572}.Release|Any CPU.Build.0 = Release|Any CPU
	EndGlobalSection
	GlobalSection(SolutionProperties) = preSolution
		HideSolutionNode = FALSE
	EndGlobalSection
	GlobalSection(ExtensibilityGlobals) = postSolution
		SolutionGuid = {0AA8F0B2-0BBA-406E-96BC-C17035DDD524}
	EndGlobalSection
EndGlobal
